
Microsoft Visual Studio Solution File, Format Version 12.00
# Visual Studio 15
VisualStudioVersion = 15.0.28010.2036
MinimumVisualStudioVersion = 10.0.40219.1
Project("{FAE04EC0-301F-11D3-BF4B-00C04F79EFBC}") = "AdminAbuse", "AdminAbuse\AdminAbuse.csproj", "{ACAB48A4-596E-4D0D-881F-9E5EF9B15D63}"
EndProject
Global
	GlobalSection(SolutionConfigurationPlatforms) = preSolution
		Debug|Any CPU = Debug|Any CPU
		Release|Any CPU = Release|Any CPU
	EndGlobalSection
	GlobalSection(ProjectConfigurationPlatforms) = postSolution
		{ACAB48A4-596E-4D0D-881F-9E5EF9B15D63}.Debug|Any CPU.ActiveCfg = Debug|Any CPU
		{ACAB48A4-596E-4D0D-881F-9E5EF9B15D63}.Debug|Any CPU.Build.0 = Debug|Any CPU
		{ACAB48A4-596E-4D0D-881F-9E5EF9B15D63}.Release|Any CPU.ActiveCfg = Release|Any CPU
		{ACAB48A4-596E-4D0D-881F-9E5EF9B15D63}.Release|Any CPU.Build.0 = Release|Any CPU
	EndGlobalSection
	GlobalSection(SolutionProperties) = preSolution
		HideSolutionNode = FALSE
	EndGlobalSection
	GlobalSection(ExtensibilityGlobals) = postSolution
		SolutionGuid = {46CD609C-8E74-4751-AC5A-D6CB10D5BBD0}
	EndGlobalSection
EndGlobal
